
Microsoft Visual Studio Solution File, Format Version 12.00
# Visual Studio Version 16
VisualStudioVersion = 16.0.30523.141
MinimumVisualStudioVersion = 10.0.40219.1
Project("{8BC9CEB8-8B4A-11D0-8D11-00A0C91BC942}") = "Lab5", "Lab5\Lab5.vcxproj", "{EDA399E4-F854-4FB4-9440-B9976D457B65}"
EndProject
Project("{8BC9CEB8-8B4A-11D0-8D11-00A0C91BC942}") = "5a", "5a\5a.vcxproj", "{13D3E735-71ED-485E-9903-E239F7CB8DB3}"
EndProject
Project("{8BC9CEB8-8B4A-11D0-8D11-00A0C91BC942}") = "5b", "5b\5b.vcxproj", "{93567564-A744-4043-96C1-17774C060D5F}"
EndProject
Global
	GlobalSection(SolutionConfigurationPlatforms) = preSolution
		Debug|x64 = Debug|x64
		Debug|x86 = Debug|x86
		Release|x64 = Release|x64
		Release|x86 = Release|x86
	EndGlobalSection
	GlobalSection(ProjectConfigurationPlatforms) = postSolution
		{EDA399E4-F854-4FB4-9440-B9976D457B65}.Debug|x64.ActiveCfg = Debug|x64
		{EDA399E4-F854-4FB4-9440-B9976D457B65}.Debug|x64.Build.0 = Debug|x64
		{EDA399E4-F854-4FB4-9440-B9976D457B65}.Debug|x86.ActiveCfg = Debug|Win32
		{EDA399E4-F854-4FB4-9440-B9976D457B65}.Debug|x86.Build.0 = Debug|Win32
		{EDA399E4-F854-4FB4-9440-B9976D457B65}.Release|x64.ActiveCfg = Release|x64
		{EDA399E4-F854-4FB4-9440-B9976D457B65}.Release|x64.Build.0 = Release|x64
		{EDA399E4-F854-4FB4-9440-B9976D457B65}.Release|x86.ActiveCfg = Release|Win32
		{EDA399E4-F854-4FB4-9440-B9976D457B65}.Release|x86.Build.0 = Release|Win32
		{13D3E735-71ED-485E-9903-E239F7CB8DB3}.Debug|x64.ActiveCfg = Debug|x64
		{13D3E735-71ED-485E-9903-E239F7CB8DB3}.Debug|x64.Build.0 = Debug|x64
		{13D3E735-71ED-485E-9903-E239F7CB8DB3}.Debug|x86.ActiveCfg = Debug|Win32
		{13D3E735-71ED-485E-9903-E239F7CB8DB3}.Debug|x86.Build.0 = Debug|Win32
		{13D3E735-71ED-485E-9903-E239F7CB8DB3}.Release|x64.ActiveCfg = Release|x64
		{13D3E735-71ED-485E-9903-E239F7CB8DB3}.Release|x64.Build.0 = Release|x64
		{13D3E735-71ED-485E-9903-E239F7CB8DB3}.Release|x86.ActiveCfg = Release|Win32
		{13D3E735-71ED-485E-9903-E239F7CB8DB3}.Release|x86.Build.0 = Release|Win32
		{93567564-A744-4043-96C1-17774C060D5F}.Debug|x64.ActiveCfg = Debug|x64
		{93567564-A744-4043-96C1-17774C060D5F}.Debug|x64.Build.0 = Debug|x64
		{93567564-A744-4043-96C1-17774C060D5F}.Debug|x86.ActiveCfg = Debug|Win32
		{93567564-A744-4043-96C1-17774C060D5F}.Debug|x86.Build.0 = Debug|Win32
		{93567564-A744-4043-96C1-17774C060D5F}.Release|x64.ActiveCfg = Release|x64
		{93567564-A744-4043-96C1-17774C060D5F}.Release|x64.Build.0 = Release|x64
		{93567564-A744-4043-96C1-17774C060D5F}.Release|x86.ActiveCfg = Release|Win32
		{93567564-A744-4043-96C1-17774C060D5F}.Release|x86.Build.0 = Release|Win32
	EndGlobalSection
	GlobalSection(SolutionProperties) = preSolution
		HideSolutionNode = FALSE
	EndGlobalSection
	GlobalSection(ExtensibilityGlobals) = postSolution
		SolutionGuid = {A2F58B65-3F1E-47C1-83F3-94119A10EAB7}
	EndGlobalSection
EndGlobal
